
Microsoft Visual Studio Solution File, Format Version 12.00
# Visual Studio Version 17
VisualStudioVersion = 17.9.34723.18
MinimumVisualStudioVersion = 10.0.40219.1
Project("{FAE04EC0-301F-11D3-BF4B-00C04F79EFBC}") = "BulkyWeb", "BulkyWeb\BulkyWeb.csproj", "{FD1552CE-9750-4CD4-B749-E96B75A01124}"
EndProject
Global
	GlobalSection(SolutionConfigurationPlatforms) = preSolution
		Debug|Any CPU = Debug|Any CPU
		Release|Any CPU = Release|Any CPU
	EndGlobalSection
	GlobalSection(ProjectConfigurationPlatforms) = postSolution
		{FD1552CE-9750-4CD4-B749-E96B75A01124}.Debug|Any CPU.ActiveCfg = Debug|Any CPU
		{FD1552CE-9750-4CD4-B749-E96B75A01124}.Debug|Any CPU.Build.0 = Debug|Any CPU
		{FD1552CE-9750-4CD4-B749-E96B75A01124}.Release|Any CPU.ActiveCfg = Release|Any CPU
		{FD1552CE-9750-4CD4-B749-E96B75A01124}.Release|Any CPU.Build.0 = Release|Any CPU
	EndGlobalSection
	GlobalSection(SolutionProperties) = preSolution
		HideSolutionNode = FALSE
	EndGlobalSection
	GlobalSection(ExtensibilityGlobals) = postSolution
		SolutionGuid = {0BE9C001-084D-4F95-99A4-6B05BD857C6E}
	EndGlobalSection
EndGlobal
